// !$*UTF8*$!
{
	archiveVersion = 1;
	classes = {
	};
	objectVersion = 46;
	objects = {

/* Begin PBXBuildFile section */
		DA964AF81F908ACE0020CE8F /* main.m in Sources */ = {isa = PBXBuildFile; fileRef = DA964AF71F908ACE0020CE8F /* main.m */; };
		DA964AFB1F908ACE0020CE8F /* AppDelegate.m in Sources */ = {isa = PBXBuildFile; fileRef = DA964AFA1F908ACE0020CE8F /* AppDelegate.m */; };
		DA964AFE1F908ACE0020CE8F /* ViewController.m in Sources */ = {isa = PBXBuildFile; fileRef = DA964AFD1F908ACE0020CE8F /* ViewController.m */; };
		DA964B011F908ACE0020CE8F /* Main.storyboard in Resources */ = {isa = PBXBuildFile; fileRef = DA964AFF1F908ACE0020CE8F /* Main.storyboard */; };
		DA964B031F908ACE0020CE8F /* Assets.xcassets in Resources */ = {isa = PBXBuildFile; fileRef = DA964B021F908ACE0020CE8F /* Assets.xcassets */; };
		DA964B061F908ACE0020CE8F /* LaunchScreen.storyboard in Resources */ = {isa = PBXBuildFile; fileRef = DA964B041F908ACE0020CE8F /* LaunchScreen.storyboard */; };
		DA964B111F908ACE0020CE8F /* SMUtilTests.m in Sources */ = {isa = PBXBuildFile; fileRef = DA964B101F908ACE0020CE8F /* SMUtilTests.m */; };
		DA964B1C1F908ACE0020CE8F /* SMUtilUITests.m in Sources */ = {isa = PBXBuildFile; fileRef = DA964B1B1F908ACE0020CE8F /* SMUtilUITests.m */; };
		DA964B2B1F908B7C0020CE8F /* Function.m in Sources */ = {isa = PBXBuildFile; fileRef = DA964B2A1F908B7C0020CE8F /* Function.m */; };
/* End PBXBuildFile section */

/* Begin PBXContainerItemProxy section */
		DA964B0D1F908ACE0020CE8F /* PBXContainerItemProxy */ = {
			isa = PBXContainerItemProxy;
			containerPortal = DA964AEB1F908ACE0020CE8F /* Project object */;
			proxyType = 1;
			remoteGlobalIDString = DA964AF21F908ACE0020CE8F;
			remoteInfo = SMUtil;
		};
		DA964B181F908ACE0020CE8F /* PBXContainerItemProxy */ = {
			isa = PBXContainerItemProxy;
			containerPortal = DA964AEB1F908ACE0020CE8F /* Project object */;
			proxyType = 1;
			remoteGlobalIDString = DA964AF21F908ACE0020CE8F;
			remoteInfo = SMUtil;
		};
/* End PBXContainerItemProxy section */

/* Begin PBXFileReference section */
		DA964AF31F908ACE0020CE8F /* SMUtil.app */ = {isa = PBXFileReference; explicitFileType = wrapper.application; includeInIndex = 0; path = SMUtil.app; sourceTree = BUILT_PRODUCTS_DIR; };
		DA964AF71F908ACE0020CE8F /* main.m */ = {isa = PBXFileReference; lastKnownFileType = sourcecode.c.objc; path = main.m; sourceTree = "<group>"; };
		DA964AF91F908ACE0020CE8F /* AppDelegate.h */ = {isa = PBXFileReference; lastKnownFileType = sourcecode.c.h; path = AppDelegate.h; sourceTree = "<group>"; };
		DA964AFA1F908ACE0020CE8F /* AppDelegate.m */ = {isa = PBXFileReference; lastKnownFileType = sourcecode.c.objc; path = AppDelegate.m; sourceTree = "<group>"; };
		DA964AFC1F908ACE0020CE8F /* ViewController.h */ = {isa = PBXFileReference; lastKnownFileType = sourcecode.c.h; path = ViewController.h; sourceTree = "<group>"; };
		DA964AFD1F908ACE0020CE8F /* ViewController.m */ = {isa = PBXFileReference; lastKnownFileType = sourcecode.c.objc; path = ViewController.m; sourceTree = "<group>"; };
		DA964B001F908ACE0020CE8F /* Base */ = {isa = PBXFileReference; lastKnownFileType = file.storyboard; name = Base; path = Base.lproj/Main.storyboard; sourceTree = "<group>"; };
		DA964B021F908ACE0020CE8F /* Assets.xcassets */ = {isa = PBXFileReference; lastKnownFileType = folder.assetcatalog; path = Assets.xcassets; sourceTree = "<group>"; };
		DA964B051F908ACE0020CE8F /* Base */ = {isa = PBXFileReference; lastKnownFileType = file.storyboard; name = Base; path = Base.lproj/LaunchScreen.storyboard; sourceTree = "<group>"; };
		DA964B071F908ACE0020CE8F /* Info.plist */ = {isa = PBXFileReference; lastKnownFileType = text.plist.xml; path = Info.plist; sourceTree = "<group>"; };
		DA964B0C1F908ACE0020CE8F /* SMUtilTests.xctest */ = {isa = PBXFileReference; explicitFileType = wrapper.cfbundle; includeInIndex = 0; path = SMUtilTests.xctest; sourceTree = BUILT_PRODUCTS_DIR; };
		DA964B101F908ACE0020CE8F /* SMUtilTests.m */ = {isa = PBXFileReference; lastKnownFileType = sourcecode.c.objc; path = SMUtilTests.m; sourceTree = "<group>"; };
		DA964B121F908ACE0020CE8F /* Info.plist */ = {isa = PBXFileReference; lastKnownFileType = text.plist.xml; path = Info.plist; sourceTree = "<group>"; };
		DA964B171F908ACE0020CE8F /* SMUtilUITests.xctest */ = {isa = PBXFileReference; explicitFileType = wrapper.cfbundle; includeInIndex = 0; path = SMUtilUITests.xctest; sourceTree = BUILT_PRODUCTS_DIR; };
		DA964B1B1F908ACE0020CE8F /* SMUtilUITests.m */ = {isa = PBXFileReference; lastKnownFileType = sourcecode.c.objc; path = SMUtilUITests.m; sourceTree = "<group>"; };
		DA964B1D1F908ACE0020CE8F /* Info.plist */ = {isa = PBXFileReference; lastKnownFileType = text.plist.xml; path = Info.plist; sourceTree = "<group>"; };
		DA964B291F908B7C0020CE8F /* Function.h */ = {isa = PBXFileReference; fileEncoding = 4; lastKnownFileType = sourcecode.c.h; path = Function.h; sourceTree = "<group>"; };
		DA964B2A1F908B7C0020CE8F /* Function.m */ = {isa = PBXFileReference; fileEncoding = 4; lastKnownFileType = sourcecode.c.objc; path = Function.m; sourceTree = "<group>"; };
/* End PBXFileReference section */

/* Begin PBXFrameworksBuildPhase section */
		DA964AF01F908ACE0020CE8F /* Frameworks */ = {
			isa = PBXFrameworksBuildPhase;
			buildActionMask = 2147483647;
			files = (
			);
			runOnlyForDeploymentPostprocessing = 0;
		};
		DA964B091F908ACE0020CE8F /* Frameworks */ = {
			isa = PBXFrameworksBuildPhase;
			buildActionMask = 2147483647;
			files = (
			);
			runOnlyForDeploymentPostprocessing = 0;
		};
		DA964B141F908ACE0020CE8F /* Frameworks */ = {
			isa = PBXFrameworksBuildPhase;
			buildActionMask = 2147483647;
			files = (
			);
			runOnlyForDeploymentPostprocessing = 0;
		};
/* End PBXFrameworksBuildPhase section */

/* Begin PBXGroup section */
		DA964AEA1F908ACE0020CE8F = {
			isa = PBXGroup;
			children = (
				DA964AF51F908ACE0020CE8F /* SMUtil */,
				DA964B0F1F908ACE0020CE8F /* SMUtilTests */,
				DA964B1A1F908ACE0020CE8F /* SMUtilUITests */,
				DA964AF41F908ACE0020CE8F /* Products */,
			);
			sourceTree = "<group>";
		};
		DA964AF41F908ACE0020CE8F /* Products */ = {
			isa = PBXGroup;
			children = (
				DA964AF31F908ACE0020CE8F /* SMUtil.app */,
				DA964B0C1F908ACE0020CE8F /* SMUtilTests.xctest */,
				DA964B171F908ACE0020CE8F /* SMUtilUITests.xctest */,
			);
			name = Products;
			sourceTree = "<group>";
		};
		DA964AF51F908ACE0020CE8F /* SMUtil */ = {
			isa = PBXGroup;
			children = (
				DA964AF91F908ACE0020CE8F /* AppDelegate.h */,
				DA964AFA1F908ACE0020CE8F /* AppDelegate.m */,
				DA964AFC1F908ACE0020CE8F /* ViewController.h */,
				DA964AFD1F908ACE0020CE8F /* ViewController.m */,
				DA964B291F908B7C0020CE8F /* Function.h */,
				DA964B2A1F908B7C0020CE8F /* Function.m */,
				DA964AFF1F908ACE0020CE8F /* Main.storyboard */,
				DA964B021F908ACE0020CE8F /* Assets.xcassets */,
				DA964B041F908ACE0020CE8F /* LaunchScreen.storyboard */,
				DA964B071F908ACE0020CE8F /* Info.plist */,
				DA964AF61F908ACE0020CE8F /* Supporting Files */,
			);
			path = SMUtil;
			sourceTree = "<group>";
		};
		DA964AF61F908ACE0020CE8F /* Supporting Files */ = {
			isa = PBXGroup;
			children = (
				DA964AF71F908ACE0020CE8F /* main.m */,
			);
			name = "Supporting Files";
			sourceTree = "<group>";
		};
		DA964B0F1F908ACE0020CE8F /* SMUtilTests */ = {
			isa = PBXGroup;
			children = (
				DA964B101F908ACE0020CE8F /* SMUtilTests.m */,
				DA964B121F908ACE0020CE8F /* Info.plist */,
			);
			path = SMUtilTests;
			sourceTree = "<group>";
		};
		DA964B1A1F908ACE0020CE8F /* SMUtilUITests */ = {
			isa = PBXGroup;
			children = (
				DA964B1B1F908ACE0020CE8F /* SMUtilUITests.m */,
				DA964B1D1F908ACE0020CE8F /* Info.plist */,
			);
			path = SMUtilUITests;
			sourceTree = "<group>";
		};
/* End PBXGroup section */

/* Begin PBXNativeTarget section */
		DA964AF21F908ACE0020CE8F /* SMUtil */ = {
			isa = PBXNativeTarget;
			buildConfigurationList = DA964B201F908ACE0020CE8F /* Build configuration list for PBXNativeTarget "SMUtil" */;
			buildPhases = (
				DA964AEF1F908ACE0020CE8F /* Sources */,
				DA964AF01F908ACE0020CE8F /* Frameworks */,
				DA964AF11F908ACE0020CE8F /* Resources */,
			);
			buildRules = (
			);
			dependencies = (
			);
			name = SMUtil;
			productName = SMUtil;
			productReference = DA964AF31F908ACE0020CE8F /* SMUtil.app */;
			productType = "com.apple.product-type.application";
		};
		DA964B0B1F908ACE0020CE8F /* SMUtilTests */ = {
			isa = PBXNativeTarget;
			buildConfigurationList = DA964B231F908ACE0020CE8F /* Build configuration list for PBXNativeTarget "SMUtilTests" */;
			buildPhases = (
				DA964B081F908ACE0020CE8F /* Sources */,
				DA964B091F908ACE0020CE8F /* Frameworks */,
				DA964B0A1F908ACE0020CE8F /* Resources */,
			);
			buildRules = (
			);
			dependencies = (
				DA964B0E1F908ACE0020CE8F /* PBXTargetDependency */,
			);
			name = SMUtilTests;
			productName = SMUtilTests;
			productReference = DA964B0C1F908ACE0020CE8F /* SMUtilTests.xctest */;
			productType = "com.apple.product-type.bundle.unit-test";
		};
		DA964B161F908ACE0020CE8F /* SMUtilUITests */ = {
			isa = PBXNativeTarget;
			buildConfigurationList = DA964B261F908ACE0020CE8F /* Build configuration list for PBXNativeTarget "SMUtilUITests" */;
			buildPhases = (
				DA964B131F908ACE0020CE8F /* Sources */,
				DA964B141F908ACE0020CE8F /* Frameworks */,
				DA964B151F908ACE0020CE8F /* Resources */,
			);
			buildRules = (
			);
			dependencies = (
				DA964B191F908ACE0020CE8F /* PBXTargetDependency */,
			);
			name = SMUtilUITests;
			productName = SMUtilUITests;
			productReference = DA964B171F908ACE0020CE8F /* SMUtilUITests.xctest */;
			productType = "com.apple.product-type.bundle.ui-testing";
		};
/* End PBXNativeTarget section */

/* Begin PBXProject section */
		DA964AEB1F908ACE0020CE8F /* Project object */ = {
			isa = PBXProject;
			attributes = {
				LastUpgradeCheck = 0830;
				ORGANIZATIONNAME = "xiwang wang";
				TargetAttributes = {
					DA964AF21F908ACE0020CE8F = {
						CreatedOnToolsVersion = 8.3.3;
						DevelopmentTeam = MDRU2J8RZG;
						ProvisioningStyle = Automatic;
					};
					DA964B0B1F908ACE0020CE8F = {
						CreatedOnToolsVersion = 8.3.3;
						DevelopmentTeam = MDRU2J8RZG;
						ProvisioningStyle = Automatic;
						TestTargetID = DA964AF21F908ACE0020CE8F;
					};
					DA964B161F908ACE0020CE8F = {
						CreatedOnToolsVersion = 8.3.3;
						DevelopmentTeam = MDRU2J8RZG;
						ProvisioningStyle = Automatic;
						TestTargetID = DA964AF21F908ACE0020CE8F;
					};
				};
			};
			buildConfigurationList = DA964AEE1F908ACE0020CE8F /* Build configuration list for PBXProject "SMUtil" */;
			compatibilityVersion = "Xcode 3.2";
			developmentRegion = English;
			hasScannedForEncodings = 0;
			knownRegions = (
				en,
				Base,
			);
			mainGroup = DA964AEA1F908ACE0020CE8F;
			productRefGroup = DA964AF41F908ACE0020CE8F /* Products */;
			projectDirPath = "";
			projectRoot = "";
			targets = (
				DA964AF21F908ACE0020CE8F /* SMUtil */,
				DA964B0B1F908ACE0020CE8F /* SMUtilTests */,
				DA964B161F908ACE0020CE8F /* SMUtilUITests */,
			);
		};
/* End PBXProject section */

/* Begin PBXResourcesBuildPhase section */
		DA964AF11F908ACE0020CE8F /* Resources */ = {
			isa = PBXResourcesBuildPhase;
			buildActionMask = 2147483647;
			files = (
				DA964B061F908ACE0020CE8F /* LaunchScreen.storyboard in Resources */,
				DA964B031F908ACE0020CE8F /* Assets.xcassets in Resources */,
				DA964B011F908ACE0020CE8F /* Main.storyboard in Resources */,
			);
			runOnlyForDeploymentPostprocessing = 0;
		};
		DA964B0A1F908ACE0020CE8F /* Resources */ = {
			isa = PBXResourcesBuildPhase;
			buildActionMask = 2147483647;
			files = (
			);
			runOnlyForDeploymentPostprocessing = 0;
		};
		DA964B151F908ACE0020CE8F /* Resources */ = {
			isa = PBXResourcesBuildPhase;
			buildActionMask = 2147483647;
			files = (
			);
			runOnlyForDeploymentPostprocessing = 0;
		};
/* End PBXResourcesBuildPhase section */

/* Begin PBXSourcesBuildPhase section */
		DA964AEF1F908ACE0020CE8F /* Sources */ = {
			isa = PBXSourcesBuildPhase;
			buildActionMask = 2147483647;
			files = (
				DA964AFE1F908ACE0020CE8F /* ViewController.m in Sources */,
				DA964AFB1F908ACE0020CE8F /* AppDelegate.m in Sources */,
				DA964AF81F908ACE0020CE8F /* main.m in Sources */,
				DA964B2B1F908B7C0020CE8F /* Function.m in Sources */,
			);
			runOnlyForDeploymentPostprocessing = 0;
		};
		DA964B081F908ACE0020CE8F /* Sources */ = {
			isa = PBXSourcesBuildPhase;
			buildActionMask = 2147483647;
			files = (
				DA964B111F908ACE0020CE8F /* SMUtilTests.m in Sources */,
			);
			runOnlyForDeploymentPostprocessing = 0;
		};
		DA964B131F908ACE0020CE8F /* Sources */ = {
			isa = PBXSourcesBuildPhase;
			buildActionMask = 2147483647;
			files = (
				DA964B1C1F908ACE0020CE8F /* SMUtilUITests.m in Sources */,
			);
			runOnlyForDeploymentPostprocessing = 0;
		};
/* End PBXSourcesBuildPhase section */

/* Begin PBXTargetDependency section */
		DA964B0E1F908ACE0020CE8F /* PBXTargetDependency */ = {
			isa = PBXTargetDependency;
			target = DA964AF21F908ACE0020CE8F /* SMUtil */;
			targetProxy = DA964B0D1F908ACE0020CE8F /* PBXContainerItemProxy */;
		};
		DA964B191F908ACE0020CE8F /* PBXTargetDependency */ = {
			isa = PBXTargetDependency;
			target = DA964AF21F908ACE0020CE8F /* SMUtil */;
			targetProxy = DA964B181F908ACE0020CE8F /* PBXContainerItemProxy */;
		};
/* End PBXTargetDependency section */

/* Begin PBXVariantGroup section */
		DA964AFF1F908ACE0020CE8F /* Main.storyboard */ = {
			isa = PBXVariantGroup;
			children = (
				DA964B001F908ACE0020CE8F /* Base */,
			);
			name = Main.storyboard;
			sourceTree = "<group>";
		};
		DA964B041F908ACE0020CE8F /* LaunchScreen.storyboard */ = {
			isa = PBXVariantGroup;
			children = (
				DA964B051F908ACE0020CE8F /* Base */,
			);
			name = LaunchScreen.storyboard;
			sourceTree = "<group>";
		};
/* End PBXVariantGroup section */

/* Begin XCBuildConfiguration section */
		DA964B1E1F908ACE0020CE8F /* Debug */ = {
			isa = XCBuildConfiguration;
			buildSettings = {
				ALWAYS_SEARCH_USER_PATHS = NO;
				CLANG_ANALYZER_NONNULL = YES;
				CLANG_ANALYZER_NUMBER_OBJECT_CONVERSION = YES_AGGRESSIVE;
				CLANG_CXX_LANGUAGE_STANDARD = "gnu++0x";
				CLANG_CXX_LIBRARY = "libc++";
				CLANG_ENABLE_MODULES = YES;
				CLANG_ENABLE_OBJC_ARC = YES;
				CLANG_WARN_BOOL_CONVERSION = YES;
				CLANG_WARN_CONSTANT_CONVERSION = YES;
				CLANG_WARN_DIRECT_OBJC_ISA_USAGE = YES_ERROR;
				CLANG_WARN_DOCUMENTATION_COMMENTS = YES;
				CLANG_WARN_EMPTY_BODY = YES;
				CLANG_WARN_ENUM_CONVERSION = YES;
				CLANG_WARN_INFINITE_RECURSION = YES;
				CLANG_WARN_INT_CONVERSION = YES;
				CLANG_WARN_OBJC_ROOT_CLASS = YES_ERROR;
				CLANG_WARN_SUSPICIOUS_MOVE = YES;
				CLANG_WARN_UNREACHABLE_CODE = YES;
				CLANG_WARN__DUPLICATE_METHOD_MATCH = YES;
				"CODE_SIGN_IDENTITY[sdk=iphoneos*]" = "iPhone Developer";
				COPY_PHASE_STRIP = NO;
				DEBUG_ACTIVITY_MODE = "";
				DEBUG_INFORMATION_FORMAT = dwarf;
				ENABLE_STRICT_OBJC_MSGSEND = YES;
				ENABLE_TESTABILITY = YES;
				GCC_C_LANGUAGE_STANDARD = gnu99;
				GCC_DYNAMIC_NO_PIC = NO;
				GCC_NO_COMMON_BLOCKS = YES;
				GCC_OPTIMIZATION_LEVEL = 0;
				GCC_PREPROCESSOR_DEFINITIONS = (
					"DEBUG=1",
					"$(inherited)",
				);
				GCC_WARN_64_TO_32_BIT_CONVERSION = YES;
				GCC_WARN_ABOUT_RETURN_TYPE = YES_ERROR;
				GCC_WARN_UNDECLARED_SELECTOR = YES;
				GCC_WARN_UNINITIALIZED_AUTOS = YES_AGGRESSIVE;
				GCC_WARN_UNUSED_FUNCTION = YES;
				GCC_WARN_UNUSED_VARIABLE = YES;
				IPHONEOS_DEPLOYMENT_TARGET = 10.3;
				ONLY_ACTIVE_ARCH = YES;
				SDKROOT = iphoneos;
			};
			name = Debug;
		};
		DA964B1F1F908ACE0020CE8F /* Release */ = {
			isa = XCBuildConfiguration;
			buildSettings = {
				ALWAYS_SEARCH_USER_PATHS = NO;
				CLANG_ANALYZER_NONNULL = YES;
				CLANG_ANALYZER_NUMBER_OBJECT_CONVERSION = YES_AGGRESSIVE;
				CLANG_CXX_LANGUAGE_STANDARD = "gnu++0x";
				CLANG_CXX_LIBRARY = "libc++";
				CLANG_ENABLE_MODULES = YES;
				CLANG_ENABLE_OBJC_ARC = YES;
				CLANG_WARN_BOOL_CONVERSION = YES;
				CLANG_WARN_CONSTANT_CONVERSION = YES;
				CLANG_WARN_DIRECT_OBJC_ISA_USAGE = YES_ERROR;
				CLANG_WARN_DOCUMENTATION_COMMENTS = YES;
				CLANG_WARN_EMPTY_BODY = YES;
				CLANG_WARN_ENUM_CONVERSION = YES;
				CLANG_WARN_INFINITE_RECURSION = YES;
				CLANG_WARN_INT_CONVERSION = YES;
				CLANG_WARN_OBJC_ROOT_CLASS = YES_ERROR;
				CLANG_WARN_SUSPICIOUS_MOVE = YES;
				CLANG_WARN_UNREACHABLE_CODE = YES;
				CLANG_WARN__DUPLICATE_METHOD_MATCH = YES;
				"CODE_SIGN_IDENTITY[sdk=iphoneos*]" = "iPhone Developer";
				COPY_PHASE_STRIP = NO;
				DEBUG_ACTIVITY_MODE = "";
				DEBUG_INFORMATION_FORMAT = "dwarf-with-dsym";
				ENABLE_NS_ASSERTIONS = NO;
				ENABLE_STRICT_OBJC_MSGSEND = YES;
				GCC_C_LANGUAGE_STANDARD = gnu99;
				GCC_NO_COMMON_BLOCKS = YES;
				GCC_WARN_64_TO_32_BIT_CONVERSION = YES;
				GCC_WARN_ABOUT_RETURN_TYPE = YES_ERROR;
				GCC_WARN_UNDECLARED_SELECTOR = YES;
				GCC_WARN_UNINITIALIZED_AUTOS = YES_AGGRESSIVE;
				GCC_WARN_UNUSED_FUNCTION = YES;
				GCC_WARN_UNUSED_VARIABLE = YES;
				IPHONEOS_DEPLOYMENT_TARGET = 10.3;
				SDKROOT = iphoneos;
				VALIDATE_PRODUCT = YES;
			};
			name = Release;
		};
		DA964B211F908ACE0020CE8F /* Debug */ = {
			isa = XCBuildConfiguration;
			buildSettings = {
				ASSETCATALOG_COMPILER_APPICON_NAME = AppIcon;
				DEVELOPMENT_TEAM = MDRU2J8RZG;
				INFOPLIST_FILE = SMUtil/Info.plist;
				LD_RUNPATH_SEARCH_PATHS = "$(inherited) @executable_path/Frameworks";
				PRODUCT_BUNDLE_IDENTIFIER = com.simon.SMUtil;
				PRODUCT_NAME = "$(TARGET_NAME)";
			};
			name = Debug;
		};
		DA964B221F908ACE0020CE8F /* Release */ = {
			isa = XCBuildConfiguration;
			buildSettings = {
				ASSETCATALOG_COMPILER_APPICON_NAME = AppIcon;
				DEVELOPMENT_TEAM = MDRU2J8RZG;
				INFOPLIST_FILE = SMUtil/Info.plist;
				LD_RUNPATH_SEARCH_PATHS = "$(inherited) @executable_path/Frameworks";
				PRODUCT_BUNDLE_IDENTIFIER = com.simon.SMUtil;
				PRODUCT_NAME = "$(TARGET_NAME)";
			};
			name = Release;
		};
		DA964B241F908ACE0020CE8F /* Debug */ = {
			isa = XCBuildConfiguration;
			buildSettings = {
				BUNDLE_LOADER = "$(TEST_HOST)";
				DEVELOPMENT_TEAM = MDRU2J8RZG;
				INFOPLIST_FILE = SMUtilTests/Info.plist;
				LD_RUNPATH_SEARCH_PATHS = "$(inherited) @executable_path/Frameworks @loader_path/Frameworks";
				PRODUCT_BUNDLE_IDENTIFIER = com.simon.SMUtilTests;
				PRODUCT_NAME = "$(TARGET_NAME)";
				TEST_HOST = "$(BUILT_PRODUCTS_DIR)/SMUtil.app/SMUtil";
			};
			name = Debug;
		};
		DA964B251F908ACE0020CE8F /* Release */ = {
			isa = XCBuildConfiguration;
			buildSettings = {
				BUNDLE_LOADER = "$(TEST_HOST)";
				DEVELOPMENT_TEAM = MDRU2J8RZG;
				INFOPLIST_FILE = SMUtilTests/Info.plist;
				LD_RUNPATH_SEARCH_PATHS = "$(inherited) @executable_path/Frameworks @loader_path/Frameworks";
				PRODUCT_BUNDLE_IDENTIFIER = com.simon.SMUtilTests;
				PRODUCT_NAME = "$(TARGET_NAME)";
				TEST_HOST = "$(BUILT_PRODUCTS_DIR)/SMUtil.app/SMUtil";
			};
			name = Release;
		};
		DA964B271F908ACE0020CE8F /* Debug */ = {
			isa = XCBuildConfiguration;
			buildSettings = {
				DEVELOPMENT_TEAM = MDRU2J8RZG;
				INFOPLIST_FILE = SMUtilUITests/Info.plist;
				LD_RUNPATH_SEARCH_PATHS = "$(inherited) @executable_path/Frameworks @loader_path/Frameworks";
				PRODUCT_BUNDLE_IDENTIFIER = com.simon.SMUtilUITests;
				PRODUCT_NAME = "$(TARGET_NAME)";
				TEST_TARGET_NAME = SMUtil;
			};
			name = Debug;
		};
		DA964B281F908ACE0020CE8F /* Release */ = {
			isa = XCBuildConfiguration;
			buildSettings = {
				DEVELOPMENT_TEAM = MDRU2J8RZG;
				INFOPLIST_FILE = SMUtilUITests/Info.plist;
				LD_RUNPATH_SEARCH_PATHS = "$(inherited) @executable_path/Frameworks @loader_path/Frameworks";
				PRODUCT_BUNDLE_IDENTIFIER = com.simon.SMUtilUITests;
				PRODUCT_NAME = "$(TARGET_NAME)";
				TEST_TARGET_NAME = SMUtil;
			};
			name = Release;
		};
/* End XCBuildConfiguration section */

/* Begin XCConfigurationList section */
		DA964AEE1F908ACE0020CE8F /* Build configuration list for PBXProject "SMUtil" */ = {
			isa = XCConfigurationList;
			buildConfigurations = (
				DA964B1E1F908ACE0020CE8F /* Debug */,
				DA964B1F1F908ACE0020CE8F /* Release */,
			);
			defaultConfigurationIsVisible = 0;
			defaultConfigurationName = Release;
		};
		DA964B201F908ACE0020CE8F /* Build configuration list for PBXNativeTarget "SMUtil" */ = {
			isa = XCConfigurationList;
			buildConfigurations = (
				DA964B211F908ACE0020CE8F /* Debug */,
				DA964B221F908ACE0020CE8F /* Release */,
			);
			defaultConfigurationIsVisible = 0;
			defaultConfigurationName = Release;
		};
		DA964B231F908ACE0020CE8F /* Build configuration list for PBXNativeTarget "SMUtilTests" */ = {
			isa = XCConfigurationList;
			buildConfigurations = (
				DA964B241F908ACE0020CE8F /* Debug */,
				DA964B251F908ACE0020CE8F /* Release */,
			);
			defaultConfigurationIsVisible = 0;
			defaultConfigurationName = Release;
		};
		DA964B261F908ACE0020CE8F /* Build configuration list for PBXNativeTarget "SMUtilUITests" */ = {
			isa = XCConfigurationList;
			buildConfigurations = (
				DA964B271F908ACE0020CE8F /* Debug */,
				DA964B281F908ACE0020CE8F /* Release */,
			);
			defaultConfigurationIsVisible = 0;
			defaultConfigurationName = Release;
		};
/* End XCConfigurationList section */
	};
	rootObject = DA964AEB1F908ACE0020CE8F /* Project object */;
}
